
Microsoft Visual Studio Solution File, Format Version 12.00
# Visual Studio Version 17
VisualStudioVersion = 17.11.35303.130
MinimumVisualStudioVersion = 10.0.40219.1
Project("{FAE04EC0-301F-11D3-BF4B-00C04F79EFBC}") = "11_1BooksDbCRUD", "11_1BooksDbCRUD.csproj", "{382E92D8-AFF5-434D-AB98-AC9C7791C166}"
EndProject
Global
	GlobalSection(SolutionConfigurationPlatforms) = preSolution
		Debug|Any CPU = Debug|Any CPU
		Release|Any CPU = Release|Any CPU
	EndGlobalSection
	GlobalSection(ProjectConfigurationPlatforms) = postSolution
		{382E92D8-AFF5-434D-AB98-AC9C7791C166}.Debug|Any CPU.ActiveCfg = Debug|Any CPU
		{382E92D8-AFF5-434D-AB98-AC9C7791C166}.Debug|Any CPU.Build.0 = Debug|Any CPU
		{382E92D8-AFF5-434D-AB98-AC9C7791C166}.Release|Any CPU.ActiveCfg = Release|Any CPU
		{382E92D8-AFF5-434D-AB98-AC9C7791C166}.Release|Any CPU.Build.0 = Release|Any CPU
	EndGlobalSection
	GlobalSection(SolutionProperties) = preSolution
		HideSolutionNode = FALSE
	EndGlobalSection
	GlobalSection(ExtensibilityGlobals) = postSolution
		SolutionGuid = {D631DBF0-F32E-477B-8B88-A40DB70EF128}
	EndGlobalSection
EndGlobal
